// !$*UTF8*$!
{
	archiveVersion = 1;
	classes = {
	};
	objectVersion = 50;
	objects = {

/* Begin PBXBuildFile section */
		B83817152550073400267624 /* AppDelegate.swift in Sources */ = {isa = PBXBuildFile; fileRef = B83817142550073400267624 /* AppDelegate.swift */; };
		B83817172550073400267624 /* SceneDelegate.swift in Sources */ = {isa = PBXBuildFile; fileRef = B83817162550073400267624 /* SceneDelegate.swift */; };
		B83817192550073400267624 /* ViewController.swift in Sources */ = {isa = PBXBuildFile; fileRef = B83817182550073400267624 /* ViewController.swift */; };
		B838171C2550073400267624 /* Main.storyboard in Resources */ = {isa = PBXBuildFile; fileRef = B838171A2550073400267624 /* Main.storyboard */; };
		B838171E2550073600267624 /* Assets.xcassets in Resources */ = {isa = PBXBuildFile; fileRef = B838171D2550073600267624 /* Assets.xcassets */; };
		B83817212550073600267624 /* LaunchScreen.storyboard in Resources */ = {isa = PBXBuildFile; fileRef = B838171F2550073600267624 /* LaunchScreen.storyboard */; };
		B838172C2550073600267624 /* ToDoListTests.swift in Sources */ = {isa = PBXBuildFile; fileRef = B838172B2550073600267624 /* ToDoListTests.swift */; };
		B83817372550073600267624 /* ToDoListUITests.swift in Sources */ = {isa = PBXBuildFile; fileRef = B83817362550073600267624 /* ToDoListUITests.swift */; };
		B83817482550079D00267624 /* TasksViewController.swift in Sources */ = {isa = PBXBuildFile; fileRef = B83817472550079D00267624 /* TasksViewController.swift */; };
		B838174D25500A7800267624 /* TaskDetailsViewController.swift in Sources */ = {isa = PBXBuildFile; fileRef = B838174C25500A7800267624 /* TaskDetailsViewController.swift */; };
		B838175225500C3700267624 /* TaskCell.swift in Sources */ = {isa = PBXBuildFile; fileRef = B838175125500C3700267624 /* TaskCell.swift */; };
		B838175725502FD500267624 /* Task.swift in Sources */ = {isa = PBXBuildFile; fileRef = B838175625502FD500267624 /* Task.swift */; };
		B838175C2550322300267624 /* TasksStore.swift in Sources */ = {isa = PBXBuildFile; fileRef = B838175B2550322300267624 /* TasksStore.swift */; };
		B838176B2550919900267624 /* TaskDetailDelegate.swift in Sources */ = {isa = PBXBuildFile; fileRef = B838176A2550919800267624 /* TaskDetailDelegate.swift */; };
/* End PBXBuildFile section */

/* Begin PBXContainerItemProxy section */
		B83817282550073600267624 /* PBXContainerItemProxy */ = {
			isa = PBXContainerItemProxy;
			containerPortal = B83817092550073400267624 /* Project object */;
			proxyType = 1;
			remoteGlobalIDString = B83817102550073400267624;
			remoteInfo = ToDoList;
		};
		B83817332550073600267624 /* PBXContainerItemProxy */ = {
			isa = PBXContainerItemProxy;
			containerPortal = B83817092550073400267624 /* Project object */;
			proxyType = 1;
			remoteGlobalIDString = B83817102550073400267624;
			remoteInfo = ToDoList;
		};
/* End PBXContainerItemProxy section */

/* Begin PBXFileReference section */
		B83817112550073400267624 /* ToDoList.app */ = {isa = PBXFileReference; explicitFileType = wrapper.application; includeInIndex = 0; path = ToDoList.app; sourceTree = BUILT_PRODUCTS_DIR; };
		B83817142550073400267624 /* AppDelegate.swift */ = {isa = PBXFileReference; lastKnownFileType = sourcecode.swift; path = AppDelegate.swift; sourceTree = "<group>"; };
		B83817162550073400267624 /* SceneDelegate.swift */ = {isa = PBXFileReference; lastKnownFileType = sourcecode.swift; path = SceneDelegate.swift; sourceTree = "<group>"; };
		B83817182550073400267624 /* ViewController.swift */ = {isa = PBXFileReference; lastKnownFileType = sourcecode.swift; path = ViewController.swift; sourceTree = "<group>"; };
		B838171B2550073400267624 /* Base */ = {isa = PBXFileReference; lastKnownFileType = file.storyboard; name = Base; path = Base.lproj/Main.storyboard; sourceTree = "<group>"; };
		B838171D2550073600267624 /* Assets.xcassets */ = {isa = PBXFileReference; lastKnownFileType = folder.assetcatalog; path = Assets.xcassets; sourceTree = "<group>"; };
		B83817202550073600267624 /* Base */ = {isa = PBXFileReference; lastKnownFileType = file.storyboard; name = Base; path = Base.lproj/LaunchScreen.storyboard; sourceTree = "<group>"; };
		B83817222550073600267624 /* Info.plist */ = {isa = PBXFileReference; lastKnownFileType = text.plist.xml; path = Info.plist; sourceTree = "<group>"; };
		B83817272550073600267624 /* ToDoListTests.xctest */ = {isa = PBXFileReference; explicitFileType = wrapper.cfbundle; includeInIndex = 0; path = ToDoListTests.xctest; sourceTree = BUILT_PRODUCTS_DIR; };
		B838172B2550073600267624 /* ToDoListTests.swift */ = {isa = PBXFileReference; lastKnownFileType = sourcecode.swift; path = ToDoListTests.swift; sourceTree = "<group>"; };
		B838172D2550073600267624 /* Info.plist */ = {isa = PBXFileReference; lastKnownFileType = text.plist.xml; path = Info.plist; sourceTree = "<group>"; };
		B83817322550073600267624 /* ToDoListUITests.xctest */ = {isa = PBXFileReference; explicitFileType = wrapper.cfbundle; includeInIndex = 0; path = ToDoListUITests.xctest; sourceTree = BUILT_PRODUCTS_DIR; };
		B83817362550073600267624 /* ToDoListUITests.swift */ = {isa = PBXFileReference; lastKnownFileType = sourcecode.swift; path = ToDoListUITests.swift; sourceTree = "<group>"; };
		B83817382550073600267624 /* Info.plist */ = {isa = PBXFileReference; lastKnownFileType = text.plist.xml; path = Info.plist; sourceTree = "<group>"; };
		B83817472550079D00267624 /* TasksViewController.swift */ = {isa = PBXFileReference; lastKnownFileType = sourcecode.swift; path = TasksViewController.swift; sourceTree = "<group>"; };
		B838174C25500A7800267624 /* TaskDetailsViewController.swift */ = {isa = PBXFileReference; lastKnownFileType = sourcecode.swift; path = TaskDetailsViewController.swift; sourceTree = "<group>"; };
		B838175125500C3700267624 /* TaskCell.swift */ = {isa = PBXFileReference; lastKnownFileType = sourcecode.swift; path = TaskCell.swift; sourceTree = "<group>"; };
		B838175625502FD500267624 /* Task.swift */ = {isa = PBXFileReference; lastKnownFileType = sourcecode.swift; path = Task.swift; sourceTree = "<group>"; };
		B838175B2550322300267624 /* TasksStore.swift */ = {isa = PBXFileReference; lastKnownFileType = sourcecode.swift; path = TasksStore.swift; sourceTree = "<group>"; };
		B838176A2550919800267624 /* TaskDetailDelegate.swift */ = {isa = PBXFileReference; lastKnownFileType = sourcecode.swift; path = TaskDetailDelegate.swift; sourceTree = "<group>"; };
/* End PBXFileReference section */

/* Begin PBXFrameworksBuildPhase section */
		B838170E2550073400267624 /* Frameworks */ = {
			isa = PBXFrameworksBuildPhase;
			buildActionMask = 2147483647;
			files = (
			);
			runOnlyForDeploymentPostprocessing = 0;
		};
		B83817242550073600267624 /* Frameworks */ = {
			isa = PBXFrameworksBuildPhase;
			buildActionMask = 2147483647;
			files = (
			);
			runOnlyForDeploymentPostprocessing = 0;
		};
		B838172F2550073600267624 /* Frameworks */ = {
			isa = PBXFrameworksBuildPhase;
			buildActionMask = 2147483647;
			files = (
			);
			runOnlyForDeploymentPostprocessing = 0;
		};
/* End PBXFrameworksBuildPhase section */

/* Begin PBXGroup section */
		B83817082550073400267624 = {
			isa = PBXGroup;
			children = (
				B83817132550073400267624 /* ToDoList */,
				B838172A2550073600267624 /* ToDoListTests */,
				B83817352550073600267624 /* ToDoListUITests */,
				B83817122550073400267624 /* Products */,
			);
			sourceTree = "<group>";
		};
		B83817122550073400267624 /* Products */ = {
			isa = PBXGroup;
			children = (
				B83817112550073400267624 /* ToDoList.app */,
				B83817272550073600267624 /* ToDoListTests.xctest */,
				B83817322550073600267624 /* ToDoListUITests.xctest */,
			);
			name = Products;
			sourceTree = "<group>";
		};
		B83817132550073400267624 /* ToDoList */ = {
			isa = PBXGroup;
			children = (
				B83817142550073400267624 /* AppDelegate.swift */,
				B83817162550073400267624 /* SceneDelegate.swift */,
				B83817182550073400267624 /* ViewController.swift */,
				B838171A2550073400267624 /* Main.storyboard */,
				B838175625502FD500267624 /* Task.swift */,
				B838175B2550322300267624 /* TasksStore.swift */,
				B838175125500C3700267624 /* TaskCell.swift */,
				B838174C25500A7800267624 /* TaskDetailsViewController.swift */,
				B83817472550079D00267624 /* TasksViewController.swift */,
				B838176A2550919800267624 /* TaskDetailDelegate.swift */,
				B838171D2550073600267624 /* Assets.xcassets */,
				B838171F2550073600267624 /* LaunchScreen.storyboard */,
				B83817222550073600267624 /* Info.plist */,
			);
			path = ToDoList;
			sourceTree = "<group>";
		};
		B838172A2550073600267624 /* ToDoListTests */ = {
			isa = PBXGroup;
			children = (
				B838172B2550073600267624 /* ToDoListTests.swift */,
				B838172D2550073600267624 /* Info.plist */,
			);
			path = ToDoListTests;
			sourceTree = "<group>";
		};
		B83817352550073600267624 /* ToDoListUITests */ = {
			isa = PBXGroup;
			children = (
				B83817362550073600267624 /* ToDoListUITests.swift */,
				B83817382550073600267624 /* Info.plist */,
			);
			path = ToDoListUITests;
			sourceTree = "<group>";
		};
/* End PBXGroup section */

/* Begin PBXNativeTarget section */
		B83817102550073400267624 /* ToDoList */ = {
			isa = PBXNativeTarget;
			buildConfigurationList = B838173B2550073600267624 /* Build configuration list for PBXNativeTarget "ToDoList" */;
			buildPhases = (
				B838170D2550073400267624 /* Sources */,
				B838170E2550073400267624 /* Frameworks */,
				B838170F2550073400267624 /* Resources */,
			);
			buildRules = (
			);
			dependencies = (
			);
			name = ToDoList;
			productName = ToDoList;
			productReference = B83817112550073400267624 /* ToDoList.app */;
			productType = "com.apple.product-type.application";
		};
		B83817262550073600267624 /* ToDoListTests */ = {
			isa = PBXNativeTarget;
			buildConfigurationList = B838173E2550073600267624 /* Build configuration list for PBXNativeTarget "ToDoListTests" */;
			buildPhases = (
				B83817232550073600267624 /* Sources */,
				B83817242550073600267624 /* Frameworks */,
				B83817252550073600267624 /* Resources */,
			);
			buildRules = (
			);
			dependencies = (
				B83817292550073600267624 /* PBXTargetDependency */,
			);
			name = ToDoListTests;
			productName = ToDoListTests;
			productReference = B83817272550073600267624 /* ToDoListTests.xctest */;
			productType = "com.apple.product-type.bundle.unit-test";
		};
		B83817312550073600267624 /* ToDoListUITests */ = {
			isa = PBXNativeTarget;
			buildConfigurationList = B83817412550073600267624 /* Build configuration list for PBXNativeTarget "ToDoListUITests" */;
			buildPhases = (
				B838172E2550073600267624 /* Sources */,
				B838172F2550073600267624 /* Frameworks */,
				B83817302550073600267624 /* Resources */,
			);
			buildRules = (
			);
			dependencies = (
				B83817342550073600267624 /* PBXTargetDependency */,
			);
			name = ToDoListUITests;
			productName = ToDoListUITests;
			productReference = B83817322550073600267624 /* ToDoListUITests.xctest */;
			productType = "com.apple.product-type.bundle.ui-testing";
		};
/* End PBXNativeTarget section */

/* Begin PBXProject section */
		B83817092550073400267624 /* Project object */ = {
			isa = PBXProject;
			attributes = {
				LastSwiftUpdateCheck = 1210;
				LastUpgradeCheck = 1210;
				TargetAttributes = {
					B83817102550073400267624 = {
						CreatedOnToolsVersion = 12.1;
					};
					B83817262550073600267624 = {
						CreatedOnToolsVersion = 12.1;
						TestTargetID = B83817102550073400267624;
					};
					B83817312550073600267624 = {
						CreatedOnToolsVersion = 12.1;
						TestTargetID = B83817102550073400267624;
					};
				};
			};
			buildConfigurationList = B838170C2550073400267624 /* Build configuration list for PBXProject "ToDoList" */;
			compatibilityVersion = "Xcode 9.3";
			developmentRegion = en;
			hasScannedForEncodings = 0;
			knownRegions = (
				en,
				Base,
			);
			mainGroup = B83817082550073400267624;
			productRefGroup = B83817122550073400267624 /* Products */;
			projectDirPath = "";
			projectRoot = "";
			targets = (
				B83817102550073400267624 /* ToDoList */,
				B83817262550073600267624 /* ToDoListTests */,
				B83817312550073600267624 /* ToDoListUITests */,
			);
		};
/* End PBXProject section */

/* Begin PBXResourcesBuildPhase section */
		B838170F2550073400267624 /* Resources */ = {
			isa = PBXResourcesBuildPhase;
			buildActionMask = 2147483647;
			files = (
				B83817212550073600267624 /* LaunchScreen.storyboard in Resources */,
				B838171E2550073600267624 /* Assets.xcassets in Resources */,
				B838171C2550073400267624 /* Main.storyboard in Resources */,
			);
			runOnlyForDeploymentPostprocessing = 0;
		};
		B83817252550073600267624 /* Resources */ = {
			isa = PBXResourcesBuildPhase;
			buildActionMask = 2147483647;
			files = (
			);
			runOnlyForDeploymentPostprocessing = 0;
		};
		B83817302550073600267624 /* Resources */ = {
			isa = PBXResourcesBuildPhase;
			buildActionMask = 2147483647;
			files = (
			);
			runOnlyForDeploymentPostprocessing = 0;
		};
/* End PBXResourcesBuildPhase section */

/* Begin PBXSourcesBuildPhase section */
		B838170D2550073400267624 /* Sources */ = {
			isa = PBXSourcesBuildPhase;
			buildActionMask = 2147483647;
			files = (
				B838174D25500A7800267624 /* TaskDetailsViewController.swift in Sources */,
				B83817192550073400267624 /* ViewController.swift in Sources */,
				B83817482550079D00267624 /* TasksViewController.swift in Sources */,
				B83817152550073400267624 /* AppDelegate.swift in Sources */,
				B838175225500C3700267624 /* TaskCell.swift in Sources */,
				B838176B2550919900267624 /* TaskDetailDelegate.swift in Sources */,
				B838175725502FD500267624 /* Task.swift in Sources */,
				B838175C2550322300267624 /* TasksStore.swift in Sources */,
				B83817172550073400267624 /* SceneDelegate.swift in Sources */,
			);
			runOnlyForDeploymentPostprocessing = 0;
		};
		B83817232550073600267624 /* Sources */ = {
			isa = PBXSourcesBuildPhase;
			buildActionMask = 2147483647;
			files = (
				B838172C2550073600267624 /* ToDoListTests.swift in Sources */,
			);
			runOnlyForDeploymentPostprocessing = 0;
		};
		B838172E2550073600267624 /* Sources */ = {
			isa = PBXSourcesBuildPhase;
			buildActionMask = 2147483647;
			files = (
				B83817372550073600267624 /* ToDoListUITests.swift in Sources */,
			);
			runOnlyForDeploymentPostprocessing = 0;
		};
/* End PBXSourcesBuildPhase section */

/* Begin PBXTargetDependency section */
		B83817292550073600267624 /* PBXTargetDependency */ = {
			isa = PBXTargetDependency;
			target = B83817102550073400267624 /* ToDoList */;
			targetProxy = B83817282550073600267624 /* PBXContainerItemProxy */;
		};
		B83817342550073600267624 /* PBXTargetDependency */ = {
			isa = PBXTargetDependency;
			target = B83817102550073400267624 /* ToDoList */;
			targetProxy = B83817332550073600267624 /* PBXContainerItemProxy */;
		};
/* End PBXTargetDependency section */

/* Begin PBXVariantGroup section */
		B838171A2550073400267624 /* Main.storyboard */ = {
			isa = PBXVariantGroup;
			children = (
				B838171B2550073400267624 /* Base */,
			);
			name = Main.storyboard;
			sourceTree = "<group>";
		};
		B838171F2550073600267624 /* LaunchScreen.storyboard */ = {
			isa = PBXVariantGroup;
			children = (
				B83817202550073600267624 /* Base */,
			);
			name = LaunchScreen.storyboard;
			sourceTree = "<group>";
		};
/* End PBXVariantGroup section */

/* Begin XCBuildConfiguration section */
		B83817392550073600267624 /* Debug */ = {
			isa = XCBuildConfiguration;
			buildSettings = {
				ALWAYS_SEARCH_USER_PATHS = NO;
				CLANG_ANALYZER_NONNULL = YES;
				CLANG_ANALYZER_NUMBER_OBJECT_CONVERSION = YES_AGGRESSIVE;
				CLANG_CXX_LANGUAGE_STANDARD = "gnu++14";
				CLANG_CXX_LIBRARY = "libc++";
				CLANG_ENABLE_MODULES = YES;
				CLANG_ENABLE_OBJC_ARC = YES;
				CLANG_ENABLE_OBJC_WEAK = YES;
				CLANG_WARN_BLOCK_CAPTURE_AUTORELEASING = YES;
				CLANG_WARN_BOOL_CONVERSION = YES;
				CLANG_WARN_COMMA = YES;
				CLANG_WARN_CONSTANT_CONVERSION = YES;
				CLANG_WARN_DEPRECATED_OBJC_IMPLEMENTATIONS = YES;
				CLANG_WARN_DIRECT_OBJC_ISA_USAGE = YES_ERROR;
				CLANG_WARN_DOCUMENTATION_COMMENTS = YES;
				CLANG_WARN_EMPTY_BODY = YES;
				CLANG_WARN_ENUM_CONVERSION = YES;
				CLANG_WARN_INFINITE_RECURSION = YES;
				CLANG_WARN_INT_CONVERSION = YES;
				CLANG_WARN_NON_LITERAL_NULL_CONVERSION = YES;
				CLANG_WARN_OBJC_IMPLICIT_RETAIN_SELF = YES;
				CLANG_WARN_OBJC_LITERAL_CONVERSION = YES;
				CLANG_WARN_OBJC_ROOT_CLASS = YES_ERROR;
				CLANG_WARN_QUOTED_INCLUDE_IN_FRAMEWORK_HEADER = YES;
				CLANG_WARN_RANGE_LOOP_ANALYSIS = YES;
				CLANG_WARN_STRICT_PROTOTYPES = YES;
				CLANG_WARN_SUSPICIOUS_MOVE = YES;
				CLANG_WARN_UNGUARDED_AVAILABILITY = YES_AGGRESSIVE;
				CLANG_WARN_UNREACHABLE_CODE = YES;
				CLANG_WARN__DUPLICATE_METHOD_MATCH = YES;
				COPY_PHASE_STRIP = NO;
				DEBUG_INFORMATION_FORMAT = dwarf;
				ENABLE_STRICT_OBJC_MSGSEND = YES;
				ENABLE_TESTABILITY = YES;
				GCC_C_LANGUAGE_STANDARD = gnu11;
				GCC_DYNAMIC_NO_PIC = NO;
				GCC_NO_COMMON_BLOCKS = YES;
				GCC_OPTIMIZATION_LEVEL = 0;
				GCC_PREPROCESSOR_DEFINITIONS = (
					"DEBUG=1",
					"$(inherited)",
				);
				GCC_WARN_64_TO_32_BIT_CONVERSION = YES;
				GCC_WARN_ABOUT_RETURN_TYPE = YES_ERROR;
				GCC_WARN_UNDECLARED_SELECTOR = YES;
				GCC_WARN_UNINITIALIZED_AUTOS = YES_AGGRESSIVE;
				GCC_WARN_UNUSED_FUNCTION = YES;
				GCC_WARN_UNUSED_VARIABLE = YES;
				IPHONEOS_DEPLOYMENT_TARGET = 14.1;
				MTL_ENABLE_DEBUG_INFO = INCLUDE_SOURCE;
				MTL_FAST_MATH = YES;
				ONLY_ACTIVE_ARCH = YES;
				SDKROOT = iphoneos;
				SWIFT_ACTIVE_COMPILATION_CONDITIONS = DEBUG;
				SWIFT_OPTIMIZATION_LEVEL = "-Onone";
			};
			name = Debug;
		};
		B838173A2550073600267624 /* Release */ = {
			isa = XCBuildConfiguration;
			buildSettings = {
				ALWAYS_SEARCH_USER_PATHS = NO;
				CLANG_ANALYZER_NONNULL = YES;
				CLANG_ANALYZER_NUMBER_OBJECT_CONVERSION = YES_AGGRESSIVE;
				CLANG_CXX_LANGUAGE_STANDARD = "gnu++14";
				CLANG_CXX_LIBRARY = "libc++";
				CLANG_ENABLE_MODULES = YES;
				CLANG_ENABLE_OBJC_ARC = YES;
				CLANG_ENABLE_OBJC_WEAK = YES;
				CLANG_WARN_BLOCK_CAPTURE_AUTORELEASING = YES;
				CLANG_WARN_BOOL_CONVERSION = YES;
				CLANG_WARN_COMMA = YES;
				CLANG_WARN_CONSTANT_CONVERSION = YES;
				CLANG_WARN_DEPRECATED_OBJC_IMPLEMENTATIONS = YES;
				CLANG_WARN_DIRECT_OBJC_ISA_USAGE = YES_ERROR;
				CLANG_WARN_DOCUMENTATION_COMMENTS = YES;
				CLANG_WARN_EMPTY_BODY = YES;
				CLANG_WARN_ENUM_CONVERSION = YES;
				CLANG_WARN_INFINITE_RECURSION = YES;
				CLANG_WARN_INT_CONVERSION = YES;
				CLANG_WARN_NON_LITERAL_NULL_CONVERSION = YES;
				CLANG_WARN_OBJC_IMPLICIT_RETAIN_SELF = YES;
				CLANG_WARN_OBJC_LITERAL_CONVERSION = YES;
				CLANG_WARN_OBJC_ROOT_CLASS = YES_ERROR;
				CLANG_WARN_QUOTED_INCLUDE_IN_FRAMEWORK_HEADER = YES;
				CLANG_WARN_RANGE_LOOP_ANALYSIS = YES;
				CLANG_WARN_STRICT_PROTOTYPES = YES;
				CLANG_WARN_SUSPICIOUS_MOVE = YES;
				CLANG_WARN_UNGUARDED_AVAILABILITY = YES_AGGRESSIVE;
				CLANG_WARN_UNREACHABLE_CODE = YES;
				CLANG_WARN__DUPLICATE_METHOD_MATCH = YES;
				COPY_PHASE_STRIP = NO;
				DEBUG_INFORMATION_FORMAT = "dwarf-with-dsym";
				ENABLE_NS_ASSERTIONS = NO;
				ENABLE_STRICT_OBJC_MSGSEND = YES;
				GCC_C_LANGUAGE_STANDARD = gnu11;
				GCC_NO_COMMON_BLOCKS = YES;
				GCC_WARN_64_TO_32_BIT_CONVERSION = YES;
				GCC_WARN_ABOUT_RETURN_TYPE = YES_ERROR;
				GCC_WARN_UNDECLARED_SELECTOR = YES;
				GCC_WARN_UNINITIALIZED_AUTOS = YES_AGGRESSIVE;
				GCC_WARN_UNUSED_FUNCTION = YES;
				GCC_WARN_UNUSED_VARIABLE = YES;
				IPHONEOS_DEPLOYMENT_TARGET = 14.1;
				MTL_ENABLE_DEBUG_INFO = NO;
				MTL_FAST_MATH = YES;
				SDKROOT = iphoneos;
				SWIFT_COMPILATION_MODE = wholemodule;
				SWIFT_OPTIMIZATION_LEVEL = "-O";
				VALIDATE_PRODUCT = YES;
			};
			name = Release;
		};
		B838173C2550073600267624 /* Debug */ = {
			isa = XCBuildConfiguration;
			buildSettings = {
				ASSETCATALOG_COMPILER_APPICON_NAME = AppIcon;
				ASSETCATALOG_COMPILER_GLOBAL_ACCENT_COLOR_NAME = AccentColor;
				CODE_SIGN_STYLE = Automatic;
				INFOPLIST_FILE = ToDoList/Info.plist;
				LD_RUNPATH_SEARCH_PATHS = (
					"$(inherited)",
					"@executable_path/Frameworks",
				);
				PRODUCT_BUNDLE_IDENTIFIER = BigNerdRanchSAFCSP.ToDoList;
				PRODUCT_NAME = "$(TARGET_NAME)";
				SWIFT_VERSION = 5.0;
				TARGETED_DEVICE_FAMILY = "1,2";
			};
			name = Debug;
		};
		B838173D2550073600267624 /* Release */ = {
			isa = XCBuildConfiguration;
			buildSettings = {
				ASSETCATALOG_COMPILER_APPICON_NAME = AppIcon;
				ASSETCATALOG_COMPILER_GLOBAL_ACCENT_COLOR_NAME = AccentColor;
				CODE_SIGN_STYLE = Automatic;
				INFOPLIST_FILE = ToDoList/Info.plist;
				LD_RUNPATH_SEARCH_PATHS = (
					"$(inherited)",
					"@executable_path/Frameworks",
				);
				PRODUCT_BUNDLE_IDENTIFIER = BigNerdRanchSAFCSP.ToDoList;
				PRODUCT_NAME = "$(TARGET_NAME)";
				SWIFT_VERSION = 5.0;
				TARGETED_DEVICE_FAMILY = "1,2";
			};
			name = Release;
		};
		B838173F2550073600267624 /* Debug */ = {
			isa = XCBuildConfiguration;
			buildSettings = {
				ALWAYS_EMBED_SWIFT_STANDARD_LIBRARIES = YES;
				BUNDLE_LOADER = "$(TEST_HOST)";
				CODE_SIGN_STYLE = Automatic;
				INFOPLIST_FILE = ToDoListTests/Info.plist;
				IPHONEOS_DEPLOYMENT_TARGET = 14.1;
				LD_RUNPATH_SEARCH_PATHS = (
					"$(inherited)",
					"@executable_path/Frameworks",
					"@loader_path/Frameworks",
				);
				PRODUCT_BUNDLE_IDENTIFIER = BigNerdRanchSAFCSP.ToDoListTests;
				PRODUCT_NAME = "$(TARGET_NAME)";
				SWIFT_VERSION = 5.0;
				TARGETED_DEVICE_FAMILY = "1,2";
				TEST_HOST = "$(BUILT_PRODUCTS_DIR)/ToDoList.app/ToDoList";
			};
			name = Debug;
		};
		B83817402550073600267624 /* Release */ = {
			isa = XCBuildConfiguration;
			buildSettings = {
				ALWAYS_EMBED_SWIFT_STANDARD_LIBRARIES = YES;
				BUNDLE_LOADER = "$(TEST_HOST)";
				CODE_SIGN_STYLE = Automatic;
				INFOPLIST_FILE = ToDoListTests/Info.plist;
				IPHONEOS_DEPLOYMENT_TARGET = 14.1;
				LD_RUNPATH_SEARCH_PATHS = (
					"$(inherited)",
					"@executable_path/Frameworks",
					"@loader_path/Frameworks",
				);
				PRODUCT_BUNDLE_IDENTIFIER = BigNerdRanchSAFCSP.ToDoListTests;
				PRODUCT_NAME = "$(TARGET_NAME)";
				SWIFT_VERSION = 5.0;
				TARGETED_DEVICE_FAMILY = "1,2";
				TEST_HOST = "$(BUILT_PRODUCTS_DIR)/ToDoList.app/ToDoList";
			};
			name = Release;
		};
		B83817422550073600267624 /* Debug */ = {
			isa = XCBuildConfiguration;
			buildSettings = {
				ALWAYS_EMBED_SWIFT_STANDARD_LIBRARIES = YES;
				CODE_SIGN_STYLE = Automatic;
				INFOPLIST_FILE = ToDoListUITests/Info.plist;
				LD_RUNPATH_SEARCH_PATHS = (
					"$(inherited)",
					"@executable_path/Frameworks",
					"@loader_path/Frameworks",
				);
				PRODUCT_BUNDLE_IDENTIFIER = BigNerdRanchSAFCSP.ToDoListUITests;
				PRODUCT_NAME = "$(TARGET_NAME)";
				SWIFT_VERSION = 5.0;
				TARGETED_DEVICE_FAMILY = "1,2";
				TEST_TARGET_NAME = ToDoList;
			};
			name = Debug;
		};
		B83817432550073600267624 /* Release */ = {
			isa = XCBuildConfiguration;
			buildSettings = {
				ALWAYS_EMBED_SWIFT_STANDARD_LIBRARIES = YES;
				CODE_SIGN_STYLE = Automatic;
				INFOPLIST_FILE = ToDoListUITests/Info.plist;
				LD_RUNPATH_SEARCH_PATHS = (
					"$(inherited)",
					"@executable_path/Frameworks",
					"@loader_path/Frameworks",
				);
				PRODUCT_BUNDLE_IDENTIFIER = BigNerdRanchSAFCSP.ToDoListUITests;
				PRODUCT_NAME = "$(TARGET_NAME)";
				SWIFT_VERSION = 5.0;
				TARGETED_DEVICE_FAMILY = "1,2";
				TEST_TARGET_NAME = ToDoList;
			};
			name = Release;
		};
/* End XCBuildConfiguration section */

/* Begin XCConfigurationList section */
		B838170C2550073400267624 /* Build configuration list for PBXProject "ToDoList" */ = {
			isa = XCConfigurationList;
			buildConfigurations = (
				B83817392550073600267624 /* Debug */,
				B838173A2550073600267624 /* Release */,
			);
			defaultConfigurationIsVisible = 0;
			defaultConfigurationName = Release;
		};
		B838173B2550073600267624 /* Build configuration list for PBXNativeTarget "ToDoList" */ = {
			isa = XCConfigurationList;
			buildConfigurations = (
				B838173C2550073600267624 /* Debug */,
				B838173D2550073600267624 /* Release */,
			);
			defaultConfigurationIsVisible = 0;
			defaultConfigurationName = Release;
		};
		B838173E2550073600267624 /* Build configuration list for PBXNativeTarget "ToDoListTests" */ = {
			isa = XCConfigurationList;
			buildConfigurations = (
				B838173F2550073600267624 /* Debug */,
				B83817402550073600267624 /* Release */,
			);
			defaultConfigurationIsVisible = 0;
			defaultConfigurationName = Release;
		};
		B83817412550073600267624 /* Build configuration list for PBXNativeTarget "ToDoListUITests" */ = {
			isa = XCConfigurationList;
			buildConfigurations = (
				B83817422550073600267624 /* Debug */,
				B83817432550073600267624 /* Release */,
			);
			defaultConfigurationIsVisible = 0;
			defaultConfigurationName = Release;
		};
/* End XCConfigurationList section */
	};
	rootObject = B83817092550073400267624 /* Project object */;
}
